// !$*UTF8*$!
{
	archiveVersion = 1;
	classes = {
	};
	objectVersion = 42;
	objects = {

/* Begin PBXBuildFile section */
		514F3E130A4E078900378165 /* CURLHandle.framework in CopyFiles */ = {isa = PBXBuildFile; fileRef = 514F3E000A4E071C00378165 /* CURLHandle.framework */; };
		514F3E1D0A4E0A4B00378165 /* MainMenu.nib in Resources */ = {isa = PBXBuildFile; fileRef = 29B97318FDCFA39411CA2CEA /* MainMenu.nib */; };
		514F3E1E0A4E0A4F00378165 /* weather.xml in Resources */ = {isa = PBXBuildFile; fileRef = 8B0F8CB1047B1A2F0050035E /* weather.xml */; };
		514F3E1F0A4E0A5D00378165 /* Meteo-Logo.tiff in Resources */ = {isa = PBXBuildFile; fileRef = 8BE3F8770425778A001ED9CA /* Meteo-Logo.tiff */; };
		514F3E200A4E0A5D00378165 /* meteo.icns in Resources */ = {isa = PBXBuildFile; fileRef = 8B47F0400410469E00809258 /* meteo.icns */; };
		514F3E210A4E0A5D00378165 /* InfoPlist.strings in Resources */ = {isa = PBXBuildFile; fileRef = 089C165CFE840E0CC02AAC07 /* InfoPlist.strings */; };
		514F3E220A4E0A7C00378165 /* MEController.m in Sources */ = {isa = PBXBuildFile; fileRef = 8B85C08503CB8F74008FAC71 /* MEController.m */; };
		514F3E230A4E0A7C00378165 /* MECityEditor.m in Sources */ = {isa = PBXBuildFile; fileRef = 8B85C08903CBC54E008FAC71 /* MECityEditor.m */; };
		514F3E240A4E0A7C00378165 /* MECity.m in Sources */ = {isa = PBXBuildFile; fileRef = 8B7D34B903CAA91000946DC1 /* MECity.m */; };
		514F3E250A4E0A7C00378165 /* MEWeather.m in Sources */ = {isa = PBXBuildFile; fileRef = 8B7D34BD03CAA92600946DC1 /* MEWeather.m */; };
		514F3E260A4E0A7C00378165 /* MEWeatherModule.m in Sources */ = {isa = PBXBuildFile; fileRef = 8B7D34C103CAAB7500946DC1 /* MEWeatherModule.m */; };
		514F3E270A4E0A7C00378165 /* MEPrefs.m in Sources */ = {isa = PBXBuildFile; fileRef = 8BAD5E3503CF88A5007B47FA /* MEPrefs.m */; };
		514F3E280A4E0A7C00378165 /* MEStringSearcher.m in Sources */ = {isa = PBXBuildFile; fileRef = 9B5B980504FA501400A80102 /* MEStringSearcher.m */; };
		514F3E290A4E0A7C00378165 /* NSString-Additions.m in Sources */ = {isa = PBXBuildFile; fileRef = 9B5B980704FA501400A80102 /* NSString-Additions.m */; };
		514F3E2A0A4E0A7C00378165 /* MFAlertManager.m in Sources */ = {isa = PBXBuildFile; fileRef = 8B4B4EC70422B455009A2FD0 /* MFAlertManager.m */; };
		514F3E2B0A4E0A7C00378165 /* MEWeatherModuleParser.m in Sources */ = {isa = PBXBuildFile; fileRef = 8B0F8CB3047B1A3D0050035E /* MEWeatherModuleParser.m */; };
		514F3E2C0A4E0A7C00378165 /* MEWebUtils.m in Sources */ = {isa = PBXBuildFile; fileRef = 51AD04EE0682333800C876F0 /* MEWebUtils.m */; };
		514F3E750A4E0ECA00378165 /* Cocoa.framework in Frameworks */ = {isa = PBXBuildFile; fileRef = 1058C7A1FEA54F0111CA2CBB /* Cocoa.framework */; };
		514F3E760A4E0ECD00378165 /* CURLHandle.framework in Frameworks */ = {isa = PBXBuildFile; fileRef = 514F3E000A4E071C00378165 /* CURLHandle.framework */; };
		514F3EDE0A4E281C00378165 /* Message.framework in Frameworks */ = {isa = PBXBuildFile; fileRef = 8B4B4ECE0422F083009A2FD0 /* Message.framework */; };
		514F3EDF0A4E288800378165 /* main.m in Sources */ = {isa = PBXBuildFile; fileRef = 29B97316FDCFA39411CA2CEA /* main.m */; };
/* End PBXBuildFile section */

/* Begin PBXBuildStyle section */
		4A9504CCFFE6A4B311CA0CBA /* Development */ = {
			isa = PBXBuildStyle;
			buildSettings = {
				COPY_PHASE_STRIP = NO;
				GCC_DYNAMIC_NO_PIC = NO;
				GCC_ENABLE_FIX_AND_CONTINUE = YES;
				GCC_GENERATE_DEBUGGING_SYMBOLS = YES;
				GCC_OPTIMIZATION_LEVEL = 0;
				OPTIMIZATION_CFLAGS = "-O0";
				OTHER_CFLAGS = "-DDEBUG=1";
				ZERO_LINK = YES;
			};
			name = Development;
		};
		4A9504CDFFE6A4B311CA0CBA /* Deployment */ = {
			isa = PBXBuildStyle;
			buildSettings = {
				COPY_PHASE_STRIP = YES;
				GCC_ENABLE_FIX_AND_CONTINUE = NO;
				ZERO_LINK = NO;
			};
			name = Deployment;
		};
/* End PBXBuildStyle section */

/* Begin PBXContainerItemProxy section */
		514F3E190A4E07D300378165 /* PBXContainerItemProxy */ = {
			isa = PBXContainerItemProxy;
			containerPortal = 514F3E150A4E07D300378165 /* CURLHandle.xcodeproj */;
			proxyType = 2;
			remoteGlobalIDString = 514F3BC50A4DC62A00378165 /* CURLHandle.framework */;
			remoteInfo = CURLHandle;
		};
		514F3E1B0A4E095900378165 /* PBXContainerItemProxy */ = {
			isa = PBXContainerItemProxy;
			containerPortal = 514F3E150A4E07D300378165 /* CURLHandle.xcodeproj */;
			proxyType = 1;
			remoteGlobalIDString = 514F3BC40A4DC62A00378165 /* CURLHandle */;
			remoteInfo = CURLHandle;
		};
/* End PBXContainerItemProxy section */

/* Begin PBXCopyFilesBuildPhase section */
		514F3E110A4E077500378165 /* CopyFiles */ = {
			isa = PBXCopyFilesBuildPhase;
			buildActionMask = 2147483647;
			dstPath = "";
			dstSubfolderSpec = 10;
			files = (
				514F3E130A4E078900378165 /* CURLHandle.framework in CopyFiles */,
			);
			runOnlyForDeploymentPostprocessing = 0;
		};
/* End PBXCopyFilesBuildPhase section */

/* Begin PBXFileReference section */
		089C165DFE840E0CC02AAC07 /* English */ = {isa = PBXFileReference; fileEncoding = 10; lastKnownFileType = text.plist.strings; name = English; path = English.lproj/InfoPlist.strings; sourceTree = "<group>"; };
		1058C7A1FEA54F0111CA2CBB /* Cocoa.framework */ = {isa = PBXFileReference; lastKnownFileType = wrapper.framework; name = Cocoa.framework; path = /System/Library/Frameworks/Cocoa.framework; sourceTree = "<absolute>"; };
		29B97316FDCFA39411CA2CEA /* main.m */ = {isa = PBXFileReference; fileEncoding = 30; lastKnownFileType = sourcecode.c.objc; path = main.m; sourceTree = "<group>"; };
		29B97319FDCFA39411CA2CEA /* English */ = {isa = PBXFileReference; lastKnownFileType = wrapper.nib; name = English; path = English.lproj/MainMenu.nib; sourceTree = "<group>"; };
		29B97324FDCFA39411CA2CEA /* AppKit.framework */ = {isa = PBXFileReference; lastKnownFileType = wrapper.framework; name = AppKit.framework; path = /System/Library/Frameworks/AppKit.framework; sourceTree = "<absolute>"; };
		29B97325FDCFA39411CA2CEA /* Foundation.framework */ = {isa = PBXFileReference; lastKnownFileType = wrapper.framework; name = Foundation.framework; path = /System/Library/Frameworks/Foundation.framework; sourceTree = "<absolute>"; };
		32CA4F630368D1EE00C91783 /* Meteorologist_Prefix.h */ = {isa = PBXFileReference; fileEncoding = 4; lastKnownFileType = sourcecode.c.h; path = Meteorologist_Prefix.h; sourceTree = "<group>"; };
		5127356707BC713E00ED0B3D /* German */ = {isa = PBXFileReference; lastKnownFileType = wrapper.nib; name = German; path = German.lproj/MainMenu.nib; sourceTree = "<group>"; };
		5127356B07BC717700ED0B3D /* English */ = {isa = PBXFileReference; fileEncoding = 30; lastKnownFileType = text.plist.strings; name = English; path = English.lproj/Localizable.strings; sourceTree = "<group>"; };
		514F3E000A4E071C00378165 /* CURLHandle.framework */ = {isa = PBXFileReference; lastKnownFileType = wrapper.framework; name = CURLHandle.framework; path = ../CURLHandle/CURLHandleSource/build/CURLHandle.framework; sourceTree = SOURCE_ROOT; };
		514F3E080A4E075B00378165 /* Meteorologist Universal.app */ = {isa = PBXFileReference; explicitFileType = wrapper.application; includeInIndex = 0; path = "Meteorologist Universal.app"; sourceTree = BUILT_PRODUCTS_DIR; };
		514F3E0A0A4E075B00378165 /* Meteorologist Universal-Info.plist */ = {isa = PBXFileReference; lastKnownFileType = text.xml; path = "Meteorologist Universal-Info.plist"; sourceTree = "<group>"; };
		514F3E150A4E07D300378165 /* CURLHandle.xcodeproj */ = {isa = PBXFileReference; lastKnownFileType = "wrapper.pb-project"; name = CURLHandle.xcodeproj; path = ../CURLHandle/CURLHandleSource/CURLHandle.xcodeproj; sourceTree = SOURCE_ROOT; };
		5179D43E0897528900C4AE2D /* French */ = {isa = PBXFileReference; lastKnownFileType = text.plist.strings; name = French; path = French.lproj/InfoPlist.strings; sourceTree = "<group>"; };
		5179D43F0897529C00C4AE2D /* French */ = {isa = PBXFileReference; lastKnownFileType = text.plist.strings; name = French; path = French.lproj/Localizable.strings; sourceTree = "<group>"; };
		5179D440089752B500C4AE2D /* French */ = {isa = PBXFileReference; lastKnownFileType = wrapper.nib; name = French; path = French.lproj/MainMenu.nib; sourceTree = "<group>"; };
		5184584006860481009833CB /* Readme.rtf */ = {isa = PBXFileReference; lastKnownFileType = text.rtf; path = Readme.rtf; sourceTree = "<group>"; };
		5189342E0688F0C800462640 /* devnotes.txt */ = {isa = PBXFileReference; fileEncoding = 4; lastKnownFileType = text; path = devnotes.txt; sourceTree = "<group>"; };
		51AD04ED0682333800C876F0 /* MEWebUtils.h */ = {isa = PBXFileReference; fileEncoding = 4; lastKnownFileType = sourcecode.c.h; path = MEWebUtils.h; sourceTree = "<group>"; };
		51AD04EE0682333800C876F0 /* MEWebUtils.m */ = {isa = PBXFileReference; fileEncoding = 4; lastKnownFileType = sourcecode.c.objc; path = MEWebUtils.m; sourceTree = "<group>"; };
		8B0F8CB1047B1A2F0050035E /* weather.xml */ = {isa = PBXFileReference; fileEncoding = 30; lastKnownFileType = text.xml; path = weather.xml; sourceTree = "<group>"; };
		8B0F8CB3047B1A3D0050035E /* MEWeatherModuleParser.m */ = {isa = PBXFileReference; fileEncoding = 30; lastKnownFileType = sourcecode.c.objc; path = MEWeatherModuleParser.m; sourceTree = "<group>"; };
		8B0F8CB4047B1A3D0050035E /* MEWeatherModuleParser.h */ = {isa = PBXFileReference; fileEncoding = 30; lastKnownFileType = sourcecode.c.h; path = MEWeatherModuleParser.h; sourceTree = "<group>"; };
		8B47F0400410469E00809258 /* meteo.icns */ = {isa = PBXFileReference; lastKnownFileType = image.icns; path = meteo.icns; sourceTree = "<group>"; };
		8B4B4EC60422B455009A2FD0 /* MFAlertManager.h */ = {isa = PBXFileReference; fileEncoding = 4; lastKnownFileType = sourcecode.c.h; path = MFAlertManager.h; sourceTree = "<group>"; };
		8B4B4EC70422B455009A2FD0 /* MFAlertManager.m */ = {isa = PBXFileReference; fileEncoding = 4; lastKnownFileType = sourcecode.c.objc; path = MFAlertManager.m; sourceTree = "<group>"; };
		8B4B4ECE0422F083009A2FD0 /* Message.framework */ = {isa = PBXFileReference; lastKnownFileType = wrapper.framework; name = Message.framework; path = /System/Library/Frameworks/Message.framework; sourceTree = "<absolute>"; };
		8B7D34B803CAA91000946DC1 /* MECity.h */ = {isa = PBXFileReference; fileEncoding = 30; lastKnownFileType = sourcecode.c.h; path = MECity.h; sourceTree = "<group>"; };
		8B7D34B903CAA91000946DC1 /* MECity.m */ = {isa = PBXFileReference; fileEncoding = 30; lastKnownFileType = sourcecode.c.objc; path = MECity.m; sourceTree = "<group>"; };
		8B7D34BC03CAA92600946DC1 /* MEWeather.h */ = {isa = PBXFileReference; fileEncoding = 4; lastKnownFileType = sourcecode.c.h; path = MEWeather.h; sourceTree = "<group>"; };
		8B7D34BD03CAA92600946DC1 /* MEWeather.m */ = {isa = PBXFileReference; fileEncoding = 4; lastKnownFileType = sourcecode.c.objc; path = MEWeather.m; sourceTree = "<group>"; };
		8B7D34C003CAAB7500946DC1 /* MEWeatherModule.h */ = {isa = PBXFileReference; fileEncoding = 4; lastKnownFileType = sourcecode.c.h; path = MEWeatherModule.h; sourceTree = "<group>"; };
		8B7D34C103CAAB7500946DC1 /* MEWeatherModule.m */ = {isa = PBXFileReference; fileEncoding = 4; lastKnownFileType = sourcecode.c.objc; path = MEWeatherModule.m; sourceTree = "<group>"; };
		8B85C08403CB8F74008FAC71 /* MEController.h */ = {isa = PBXFileReference; fileEncoding = 4; lastKnownFileType = sourcecode.c.h; path = MEController.h; sourceTree = "<group>"; };
		8B85C08503CB8F74008FAC71 /* MEController.m */ = {isa = PBXFileReference; fileEncoding = 4; lastKnownFileType = sourcecode.c.objc; path = MEController.m; sourceTree = "<group>"; };
		8B85C08803CBC54E008FAC71 /* MECityEditor.h */ = {isa = PBXFileReference; fileEncoding = 4; lastKnownFileType = sourcecode.c.h; path = MECityEditor.h; sourceTree = "<group>"; };
		8B85C08903CBC54E008FAC71 /* MECityEditor.m */ = {isa = PBXFileReference; fileEncoding = 4; lastKnownFileType = sourcecode.c.objc; path = MECityEditor.m; sourceTree = "<group>"; };
		8BAD5E3403CF88A5007B47FA /* MEPrefs.h */ = {isa = PBXFileReference; fileEncoding = 30; lastKnownFileType = sourcecode.c.h; path = MEPrefs.h; sourceTree = "<group>"; };
		8BAD5E3503CF88A5007B47FA /* MEPrefs.m */ = {isa = PBXFileReference; fileEncoding = 30; lastKnownFileType = sourcecode.c.objc; path = MEPrefs.m; sourceTree = "<group>"; };
		8BE3F8770425778A001ED9CA /* Meteo-Logo.tiff */ = {isa = PBXFileReference; lastKnownFileType = image.tiff; path = "Meteo-Logo.tiff"; sourceTree = "<group>"; };
		8BF0FD22044A606C00D1B4D2 /* Instructions.rtf */ = {isa = PBXFileReference; lastKnownFileType = text.rtf; path = Instructions.rtf; sourceTree = "<group>"; };
		8BF0FD23044A606C00D1B4D2 /* meteo.rtf */ = {isa = PBXFileReference; lastKnownFileType = text.rtf; path = meteo.rtf; sourceTree = "<group>"; };
		8BF0FD24044A606C00D1B4D2 /* Problems.txt */ = {isa = PBXFileReference; fileEncoding = 30; lastKnownFileType = text; path = Problems.txt; sourceTree = "<group>"; };
		8BF0FD26044A606C00D1B4D2 /* WhatsNew.txt */ = {isa = PBXFileReference; fileEncoding = 30; lastKnownFileType = text; path = WhatsNew.txt; sourceTree = "<group>"; };
		9B5B980404FA501400A80102 /* MEStringSearcher.h */ = {isa = PBXFileReference; fileEncoding = 30; lastKnownFileType = sourcecode.c.h; path = MEStringSearcher.h; sourceTree = "<group>"; };
		9B5B980504FA501400A80102 /* MEStringSearcher.m */ = {isa = PBXFileReference; fileEncoding = 30; lastKnownFileType = sourcecode.c.objc; path = MEStringSearcher.m; sourceTree = "<group>"; };
		9B5B980604FA501400A80102 /* NSString-Additions.h */ = {isa = PBXFileReference; fileEncoding = 30; lastKnownFileType = sourcecode.c.h; path = "NSString-Additions.h"; sourceTree = "<group>"; };
		9B5B980704FA501400A80102 /* NSString-Additions.m */ = {isa = PBXFileReference; fileEncoding = 30; lastKnownFileType = sourcecode.c.objc; path = "NSString-Additions.m"; sourceTree = "<group>"; };
/* End PBXFileReference section */

/* Begin PBXFrameworksBuildPhase section */
		514F3E060A4E075B00378165 /* Frameworks */ = {
			isa = PBXFrameworksBuildPhase;
			buildActionMask = 2147483647;
			files = (
				514F3EDE0A4E281C00378165 /* Message.framework in Frameworks */,
				514F3E760A4E0ECD00378165 /* CURLHandle.framework in Frameworks */,
				514F3E750A4E0ECA00378165 /* Cocoa.framework in Frameworks */,
			);
			runOnlyForDeploymentPostprocessing = 0;
		};
/* End PBXFrameworksBuildPhase section */

/* Begin PBXGroup section */
		080E96DDFE201D6D7F000001 /* Classes */ = {
			isa = PBXGroup;
			children = (
				8B85C08403CB8F74008FAC71 /* MEController.h */,
				8B85C08503CB8F74008FAC71 /* MEController.m */,
				8B85C08803CBC54E008FAC71 /* MECityEditor.h */,
				8B85C08903CBC54E008FAC71 /* MECityEditor.m */,
				8B7D34B803CAA91000946DC1 /* MECity.h */,
				8B7D34B903CAA91000946DC1 /* MECity.m */,
				8B7D34BC03CAA92600946DC1 /* MEWeather.h */,
				8B7D34BD03CAA92600946DC1 /* MEWeather.m */,
				8B7D34C003CAAB7500946DC1 /* MEWeatherModule.h */,
				8B7D34C103CAAB7500946DC1 /* MEWeatherModule.m */,
				8BAD5E3403CF88A5007B47FA /* MEPrefs.h */,
				8BAD5E3503CF88A5007B47FA /* MEPrefs.m */,
				9B5B980404FA501400A80102 /* MEStringSearcher.h */,
				9B5B980504FA501400A80102 /* MEStringSearcher.m */,
				9B5B980604FA501400A80102 /* NSString-Additions.h */,
				9B5B980704FA501400A80102 /* NSString-Additions.m */,
				8B4B4EC60422B455009A2FD0 /* MFAlertManager.h */,
				8B4B4EC70422B455009A2FD0 /* MFAlertManager.m */,
				8B0F8CB4047B1A3D0050035E /* MEWeatherModuleParser.h */,
				8B0F8CB3047B1A3D0050035E /* MEWeatherModuleParser.m */,
				51AD04ED0682333800C876F0 /* MEWebUtils.h */,
				51AD04EE0682333800C876F0 /* MEWebUtils.m */,
			);
			name = Classes;
			sourceTree = "<group>";
		};
		1058C7A0FEA54F0111CA2CBB /* Linked Frameworks */ = {
			isa = PBXGroup;
			children = (
				514F3E000A4E071C00378165 /* CURLHandle.framework */,
				29B97324FDCFA39411CA2CEA /* AppKit.framework */,
				29B97325FDCFA39411CA2CEA /* Foundation.framework */,
				8B4B4ECE0422F083009A2FD0 /* Message.framework */,
				1058C7A1FEA54F0111CA2CBB /* Cocoa.framework */,
			);
			name = "Linked Frameworks";
			sourceTree = "<group>";
		};
		1058C7A2FEA54F0111CA2CBB /* Other Frameworks */ = {
			isa = PBXGroup;
			children = (
			);
			name = "Other Frameworks";
			sourceTree = "<group>";
		};
		19C28FACFE9D520D11CA2CBB /* Products */ = {
			isa = PBXGroup;
			children = (
				514F3E080A4E075B00378165 /* Meteorologist Universal.app */,
			);
			name = Products;
			sourceTree = "<group>";
		};
		29B97314FDCFA39411CA2CEA /* Meteorologist */ = {
			isa = PBXGroup;
			children = (
				514F3E150A4E07D300378165 /* CURLHandle.xcodeproj */,
				080E96DDFE201D6D7F000001 /* Classes */,
				29B97315FDCFA39411CA2CEA /* Other Sources */,
				29B97317FDCFA39411CA2CEA /* Resources */,
				29B97323FDCFA39411CA2CEA /* Frameworks */,
				19C28FACFE9D520D11CA2CBB /* Products */,
				514F3E0A0A4E075B00378165 /* Meteorologist Universal-Info.plist */,
			);
			name = Meteorologist;
			sourceTree = "<group>";
		};
		29B97315FDCFA39411CA2CEA /* Other Sources */ = {
			isa = PBXGroup;
			children = (
				32CA4F630368D1EE00C91783 /* Meteorologist_Prefix.h */,
				29B97316FDCFA39411CA2CEA /* main.m */,
			);
			name = "Other Sources";
			sourceTree = "<group>";
		};
		29B97317FDCFA39411CA2CEA /* Resources */ = {
			isa = PBXGroup;
			children = (
				8BF0FD22044A606C00D1B4D2 /* Instructions.rtf */,
				8BF0FD23044A606C00D1B4D2 /* meteo.rtf */,
				8BF0FD24044A606C00D1B4D2 /* Problems.txt */,
				8BF0FD26044A606C00D1B4D2 /* WhatsNew.txt */,
				8BE3F8770425778A001ED9CA /* Meteo-Logo.tiff */,
				8B47F0400410469E00809258 /* meteo.icns */,
				5127356D07BC718000ED0B3D /* Localizable.strings */,
				8B0F8CB1047B1A2F0050035E /* weather.xml */,
				5184584006860481009833CB /* Readme.rtf */,
				29B97318FDCFA39411CA2CEA /* MainMenu.nib */,
				089C165CFE840E0CC02AAC07 /* InfoPlist.strings */,
				5189342E0688F0C800462640 /* devnotes.txt */,
			);
			name = Resources;
			sourceTree = "<group>";
		};
		29B97323FDCFA39411CA2CEA /* Frameworks */ = {
			isa = PBXGroup;
			children = (
				1058C7A0FEA54F0111CA2CBB /* Linked Frameworks */,
				1058C7A2FEA54F0111CA2CBB /* Other Frameworks */,
			);
			name = Frameworks;
			sourceTree = "<group>";
		};
		514F3E160A4E07D300378165 /* Products */ = {
			isa = PBXGroup;
			children = (
				514F3E1A0A4E07D300378165 /* CURLHandle.framework */,
			);
			name = Products;
			sourceTree = "<group>";
		};
/* End PBXGroup section */

/* Begin PBXNativeTarget section */
		514F3E070A4E075B00378165 /* Meteorologist Universal */ = {
			isa = PBXNativeTarget;
			buildConfigurationList = 514F3E0B0A4E075C00378165 /* Build configuration list for PBXNativeTarget "Meteorologist Universal" */;
			buildPhases = (
				514F3E040A4E075B00378165 /* Resources */,
				514F3E050A4E075B00378165 /* Sources */,
				514F3E060A4E075B00378165 /* Frameworks */,
				514F3E110A4E077500378165 /* CopyFiles */,
			);
			buildRules = (
			);
			buildSettings = {
				GCC_ENABLE_FIX_AND_CONTINUE = YES;
				GCC_MODEL_TUNING = G5;
				GCC_PRECOMPILE_PREFIX_HEADER = YES;
				GCC_PREFIX_HEADER = "$(SYSTEM_LIBRARY_DIR)/Frameworks/AppKit.framework/Headers/AppKit.h";
				INFOPLIST_FILE = "Meteorologist Universal-Info.plist";
				INSTALL_PATH = "$(HOME)/Applications";
				OTHER_LDFLAGS = (
					"-framework",
					Foundation,
					"-framework",
					AppKit,
				);
				PREBINDING = NO;
				PRODUCT_NAME = "Meteorologist Universal";
				WRAPPER_EXTENSION = app;
				ZERO_LINK = YES;
			};
			dependencies = (
				514F3E1C0A4E095900378165 /* PBXTargetDependency */,
			);
			name = "Meteorologist Universal";
			productName = "Meteorologist Universal";
			productReference = 514F3E080A4E075B00378165 /* Meteorologist Universal.app */;
			productSettingsXML = "<?xml version=\"1.0\" encoding=\"UTF-8\"?>
<!DOCTYPE plist PUBLIC \"-//Apple Computer//DTD PLIST 1.0//EN\" \"http://www.apple.com/DTDs/PropertyList-1.0.dtd\">
<plist version=\"1.0\">
<dict>
	<key>CFBundleDevelopmentRegion</key>
	<string>English</string>
	<key>CFBundleExecutable</key>
	<string>${EXECUTABLE_NAME}</string>
	<key>CFBundleIdentifier</key>
	<string>com.yourcompany.Meteorologist Universal</string>
	<key>CFBundleInfoDictionaryVersion</key>
	<string>6.0</string>
	<key>CFBundlePackageType</key>
	<string>APPL</string>
	<key>CFBundleSignature</key>
	<string>????</string>
	<key>CFBundleVersion</key>
	<string>1.0</string>
	<key>NSMainNibFile</key>
	<string>MainMenu</string>
	<key>NSPrincipalClass</key>
	<string>NSApplication</string>
</dict>
</plist>
";
			productType = "com.apple.product-type.application";
		};
/* End PBXNativeTarget section */

/* Begin PBXProject section */
		29B97313FDCFA39411CA2CEA /* Project object */ = {
			isa = PBXProject;
			buildConfigurationList = 513F63620A462EF60021F891 /* Build configuration list for PBXProject "Meteorologist" */;
			buildSettings = {
				MACOSX_DEPLOYMENT_TARGET = 10.2;
				SDKROOT = /Developer/SDKs/MacOSX10.2.8.sdk;
			};
			buildStyles = (
				4A9504CCFFE6A4B311CA0CBA /* Development */,
				4A9504CDFFE6A4B311CA0CBA /* Deployment */,
			);
			hasScannedForEncodings = 1;
			mainGroup = 29B97314FDCFA39411CA2CEA /* Meteorologist */;
			projectDirPath = "";
			projectReferences = (
				{
					ProductGroup = 514F3E160A4E07D300378165 /* Products */;
					ProjectRef = 514F3E150A4E07D300378165 /* CURLHandle.xcodeproj */;
				},
			);
			targets = (
				514F3E070A4E075B00378165 /* Meteorologist Universal */,
			);
		};
/* End PBXProject section */

/* Begin PBXReferenceProxy section */
		514F3E1A0A4E07D300378165 /* CURLHandle.framework */ = {
			isa = PBXReferenceProxy;
			fileType = wrapper.framework;
			path = CURLHandle.framework;
			remoteRef = 514F3E190A4E07D300378165 /* PBXContainerItemProxy */;
			sourceTree = BUILT_PRODUCTS_DIR;
		};
/* End PBXReferenceProxy section */

/* Begin PBXResourcesBuildPhase section */
		514F3E040A4E075B00378165 /* Resources */ = {
			isa = PBXResourcesBuildPhase;
			buildActionMask = 2147483647;
			files = (
				514F3E1F0A4E0A5D00378165 /* Meteo-Logo.tiff in Resources */,
				514F3E200A4E0A5D00378165 /* meteo.icns in Resources */,
				514F3E210A4E0A5D00378165 /* InfoPlist.strings in Resources */,
				514F3E1E0A4E0A4F00378165 /* weather.xml in Resources */,
				514F3E1D0A4E0A4B00378165 /* MainMenu.nib in Resources */,
			);
			runOnlyForDeploymentPostprocessing = 0;
		};
/* End PBXResourcesBuildPhase section */

/* Begin PBXSourcesBuildPhase section */
		514F3E050A4E075B00378165 /* Sources */ = {
			isa = PBXSourcesBuildPhase;
			buildActionMask = 2147483647;
			files = (
				514F3EDF0A4E288800378165 /* main.m in Sources */,
				514F3E220A4E0A7C00378165 /* MEController.m in Sources */,
				514F3E230A4E0A7C00378165 /* MECityEditor.m in Sources */,
				514F3E240A4E0A7C00378165 /* MECity.m in Sources */,
				514F3E250A4E0A7C00378165 /* MEWeather.m in Sources */,
				514F3E260A4E0A7C00378165 /* MEWeatherModule.m in Sources */,
				514F3E270A4E0A7C00378165 /* MEPrefs.m in Sources */,
				514F3E280A4E0A7C00378165 /* MEStringSearcher.m in Sources */,
				514F3E290A4E0A7C00378165 /* NSString-Additions.m in Sources */,
				514F3E2A0A4E0A7C00378165 /* MFAlertManager.m in Sources */,
				514F3E2B0A4E0A7C00378165 /* MEWeatherModuleParser.m in Sources */,
				514F3E2C0A4E0A7C00378165 /* MEWebUtils.m in Sources */,
			);
			runOnlyForDeploymentPostprocessing = 0;
		};
/* End PBXSourcesBuildPhase section */

/* Begin PBXTargetDependency section */
		514F3E1C0A4E095900378165 /* PBXTargetDependency */ = {
			isa = PBXTargetDependency;
			name = CURLHandle;
			targetProxy = 514F3E1B0A4E095900378165 /* PBXContainerItemProxy */;
		};
/* End PBXTargetDependency section */

/* Begin PBXVariantGroup section */
		089C165CFE840E0CC02AAC07 /* InfoPlist.strings */ = {
			isa = PBXVariantGroup;
			children = (
				089C165DFE840E0CC02AAC07 /* English */,
				5179D43E0897528900C4AE2D /* French */,
			);
			name = InfoPlist.strings;
			sourceTree = "<group>";
		};
		29B97318FDCFA39411CA2CEA /* MainMenu.nib */ = {
			isa = PBXVariantGroup;
			children = (
				29B97319FDCFA39411CA2CEA /* English */,
				5127356707BC713E00ED0B3D /* German */,
				5179D440089752B500C4AE2D /* French */,
			);
			name = MainMenu.nib;
			sourceTree = "<group>";
		};
		5127356D07BC718000ED0B3D /* Localizable.strings */ = {
			isa = PBXVariantGroup;
			children = (
				5127356B07BC717700ED0B3D /* English */,
				5179D43F0897529C00C4AE2D /* French */,
			);
			name = Localizable.strings;
			sourceTree = "<group>";
		};
/* End PBXVariantGroup section */

/* Begin XCBuildConfiguration section */
		513F63630A462EF60021F891 /* Development */ = {
			isa = XCBuildConfiguration;
			buildSettings = {
				MACOSX_DEPLOYMENT_TARGET_i386 = 10.4;
				MACOSX_DEPLOYMENT_TARGET_ppc = 10.3;
				SDKROOT = /Developer/SDKs/MacOSX10.4u.sdk;
			};
			name = Development;
		};
		513F63640A462EF60021F891 /* Deployment */ = {
			isa = XCBuildConfiguration;
			buildSettings = {
				ARCHS = (
					ppc,
					i386,
				);
				MACOSX_DEPLOYMENT_TARGET_i386 = 10.4;
				MACOSX_DEPLOYMENT_TARGET_ppc = 10.3;
				SDKROOT = /Developer/SDKs/MacOSX10.4u.sdk;
			};
			name = Deployment;
		};
		513F63650A462EF60021F891 /* Default */ = {
			isa = XCBuildConfiguration;
			buildSettings = {
				MACOSX_DEPLOYMENT_TARGET_i386 = 10.4;
				MACOSX_DEPLOYMENT_TARGET_ppc = 10.3;
				SDKROOT = /Developer/SDKs/MacOSX10.4u.sdk;
			};
			name = Default;
		};
		514F3E0C0A4E075C00378165 /* Development */ = {
			isa = XCBuildConfiguration;
			buildSettings = {
				COPY_PHASE_STRIP = NO;
				FRAMEWORK_SEARCH_PATHS = (
					"$(FRAMEWORK_SEARCH_PATHS)",
					"$(SRCROOT)/../CURLHandle/CURLHandleSource/build/",
				);
				GCC_DYNAMIC_NO_PIC = NO;
				GCC_ENABLE_FIX_AND_CONTINUE = YES;
				GCC_GENERATE_DEBUGGING_SYMBOLS = YES;
				GCC_OPTIMIZATION_LEVEL = 0;
				GCC_PRECOMPILE_PREFIX_HEADER = YES;
				GCC_PREFIX_HEADER = "$(SYSTEM_LIBRARY_DIR)/Frameworks/AppKit.framework/Headers/AppKit.h";
				INFOPLIST_FILE = "Meteorologist Universal-Info.plist";
				INSTALL_PATH = "$(HOME)/Applications";
				PREBINDING = YES;
				PRODUCT_NAME = "Meteorologist Universal";
				WRAPPER_EXTENSION = app;
				ZERO_LINK = YES;
			};
			name = Development;
		};
		514F3E0D0A4E075C00378165 /* Deployment */ = {
			isa = XCBuildConfiguration;
			buildSettings = {
				COPY_PHASE_STRIP = YES;
				FRAMEWORK_SEARCH_PATHS = (
					"$(FRAMEWORK_SEARCH_PATHS)",
					"$(SRCROOT)/../CURLHandle/CURLHandleSource/build/",
				);
				GCC_ENABLE_FIX_AND_CONTINUE = NO;
				GCC_GENERATE_DEBUGGING_SYMBOLS = NO;
				GCC_MODEL_TUNING = G5;
				GCC_PRECOMPILE_PREFIX_HEADER = YES;
				GCC_PREFIX_HEADER = "$(SYSTEM_LIBRARY_DIR)/Frameworks/AppKit.framework/Headers/AppKit.h";
				INFOPLIST_FILE = "Meteorologist Universal-Info.plist";
				INSTALL_PATH = "$(HOME)/Applications";
				OTHER_LDFLAGS = (
					"-framework",
					Foundation,
					"-framework",
					AppKit,
				);
				PREBINDING = NO;
				PRODUCT_NAME = "Meteorologist Universal";
				WRAPPER_EXTENSION = app;
				ZERO_LINK = NO;
			};
			name = Deployment;
		};
		514F3E0E0A4E075C00378165 /* Default */ = {
			isa = XCBuildConfiguration;
			buildSettings = {
				FRAMEWORK_SEARCH_PATHS = (
					"$(FRAMEWORK_SEARCH_PATHS)",
					"$(SRCROOT)/../CURLHandle/CURLHandleSource/build/",
				);
				GCC_ENABLE_FIX_AND_CONTINUE = YES;
				GCC_MODEL_TUNING = G5;
				GCC_PRECOMPILE_PREFIX_HEADER = YES;
				GCC_PREFIX_HEADER = "$(SYSTEM_LIBRARY_DIR)/Frameworks/AppKit.framework/Headers/AppKit.h";
				INFOPLIST_FILE = "Meteorologist Universal-Info.plist";
				INSTALL_PATH = "$(HOME)/Applications";
				OTHER_LDFLAGS = (
					"-framework",
					Foundation,
					"-framework",
					AppKit,
				);
				PREBINDING = NO;
				PRODUCT_NAME = "Meteorologist Universal";
				WRAPPER_EXTENSION = app;
				ZERO_LINK = YES;
			};
			name = Default;
		};
/* End XCBuildConfiguration section */

/* Begin XCConfigurationList section */
		513F63620A462EF60021F891 /* Build configuration list for PBXProject "Meteorologist" */ = {
			isa = XCConfigurationList;
			buildConfigurations = (
				513F63630A462EF60021F891 /* Development */,
				513F63640A462EF60021F891 /* Deployment */,
				513F63650A462EF60021F891 /* Default */,
			);
			defaultConfigurationIsVisible = 0;
			defaultConfigurationName = Default;
		};
		514F3E0B0A4E075C00378165 /* Build configuration list for PBXNativeTarget "Meteorologist Universal" */ = {
			isa = XCConfigurationList;
			buildConfigurations = (
				514F3E0C0A4E075C00378165 /* Development */,
				514F3E0D0A4E075C00378165 /* Deployment */,
				514F3E0E0A4E075C00378165 /* Default */,
			);
			defaultConfigurationIsVisible = 0;
			defaultConfigurationName = Default;
		};
/* End XCConfigurationList section */
	};
	rootObject = 29B97313FDCFA39411CA2CEA /* Project object */;
}
